
Microsoft Visual Studio Solution File, Format Version 12.00
# Visual Studio 15
Project("{FAE04EC0-301F-11D3-BF4B-00C04F79EFBC}") = "GithubLabelSetUpper", "GithubLabelSetUpper\GithubLabelSetUpper.csproj", "{BC521D6B-E02C-4890-B342-B6D32FB386B3}"
EndProject
Project("{FAE04EC0-301F-11D3-BF4B-00C04F79EFBC}") = "GithubLabelSetUpper.Test", "GithubLabelSetUpper.Test\GithubLabelSetUpper.Test.csproj", "{02A26B4D-8CEB-430B-8959-C9E7BC875E18}"
EndProject
Global
	GlobalSection(SolutionConfigurationPlatforms) = preSolution
		Debug|Any CPU = Debug|Any CPU
		Release|Any CPU = Release|Any CPU
	EndGlobalSection
	GlobalSection(ProjectConfigurationPlatforms) = postSolution
		{BC521D6B-E02C-4890-B342-B6D32FB386B3}.Debug|Any CPU.ActiveCfg = Debug|Any CPU
		{BC521D6B-E02C-4890-B342-B6D32FB386B3}.Debug|Any CPU.Build.0 = Debug|Any CPU
		{BC521D6B-E02C-4890-B342-B6D32FB386B3}.Release|Any CPU.ActiveCfg = Release|Any CPU
		{BC521D6B-E02C-4890-B342-B6D32FB386B3}.Release|Any CPU.Build.0 = Release|Any CPU
		{02A26B4D-8CEB-430B-8959-C9E7BC875E18}.Debug|Any CPU.ActiveCfg = Debug|Any CPU
		{02A26B4D-8CEB-430B-8959-C9E7BC875E18}.Debug|Any CPU.Build.0 = Debug|Any CPU
		{02A26B4D-8CEB-430B-8959-C9E7BC875E18}.Release|Any CPU.ActiveCfg = Release|Any CPU
		{02A26B4D-8CEB-430B-8959-C9E7BC875E18}.Release|Any CPU.Build.0 = Release|Any CPU
	EndGlobalSection
EndGlobal
