Microsoft Visual Studio Solution File, Format Version 12.00
# Visual Studio Version 16
VisualStudioVersion = 16.0.29209.152
MinimumVisualStudioVersion = 10.0.40219.1
Project("{9A19103F-16F7-4668-BE54-9A1E7A4F7556}") = "GithubLabelSetUpper", "GithubLabelSetUpper\GithubLabelSetUpper.csproj", "{BC521D6B-E02C-4890-B342-B6D32FB386B3}"
EndProject
Project("{9A19103F-16F7-4668-BE54-9A1E7A4F7556}") = "GithubLabelSetUpper.Test", "GithubLabelSetUpper.Test\GithubLabelSetUpper.Test.csproj", "{02A26B4D-8CEB-430B-8959-C9E7BC875E18}"
EndProject
Project("{FAE04EC0-301F-11D3-BF4B-00C04F79EFBC}") = "Core", "Core\Core.csproj", "{5B78424D-FC81-4EF3-A42D-287550F1C0B3}"
EndProject
Global
	GlobalSection(SolutionConfigurationPlatforms) = preSolution
		Debug|Any CPU = Debug|Any CPU
		Release|Any CPU = Release|Any CPU
	EndGlobalSection
	GlobalSection(ProjectConfigurationPlatforms) = postSolution
		{BC521D6B-E02C-4890-B342-B6D32FB386B3}.Debug|Any CPU.ActiveCfg = Debug|Any CPU
		{BC521D6B-E02C-4890-B342-B6D32FB386B3}.Debug|Any CPU.Build.0 = Debug|Any CPU
		{BC521D6B-E02C-4890-B342-B6D32FB386B3}.Release|Any CPU.ActiveCfg = Release|Any CPU
		{BC521D6B-E02C-4890-B342-B6D32FB386B3}.Release|Any CPU.Build.0 = Release|Any CPU
		{02A26B4D-8CEB-430B-8959-C9E7BC875E18}.Debug|Any CPU.ActiveCfg = Debug|Any CPU
		{02A26B4D-8CEB-430B-8959-C9E7BC875E18}.Debug|Any CPU.Build.0 = Debug|Any CPU
		{02A26B4D-8CEB-430B-8959-C9E7BC875E18}.Release|Any CPU.ActiveCfg = Release|Any CPU
		{02A26B4D-8CEB-430B-8959-C9E7BC875E18}.Release|Any CPU.Build.0 = Release|Any CPU
		{5B78424D-FC81-4EF3-A42D-287550F1C0B3}.Debug|Any CPU.ActiveCfg = Debug|Any CPU
		{5B78424D-FC81-4EF3-A42D-287550F1C0B3}.Debug|Any CPU.Build.0 = Debug|Any CPU
		{5B78424D-FC81-4EF3-A42D-287550F1C0B3}.Release|Any CPU.ActiveCfg = Release|Any CPU
		{5B78424D-FC81-4EF3-A42D-287550F1C0B3}.Release|Any CPU.Build.0 = Release|Any CPU
	EndGlobalSection
	GlobalSection(SolutionProperties) = preSolution
		HideSolutionNode = FALSE
	EndGlobalSection
	GlobalSection(ExtensibilityGlobals) = postSolution
		SolutionGuid = {E484110A-6F4D-4734-BE09-75B760FC41E3}
	EndGlobalSection
EndGlobal
